{
  "name": "project_october",
  "version": "1.0.0",
  "lockfileVersion": 2,
  "requires": true,
  "packages": {
    "": {
      "name": "project_october",
      "version": "1.0.0",
      "license": "ISC",
      "dependencies": {
        "@fancyapps/fancybox": "^3.5.7",
        "bxslider": "^4.2.14",
        "fancybox": "^3.0.1",
        "jquery": "^3.6.1",
        "normalize.css": "^8.0.1"
      }
    },
    "node_modules/@fancyapps/fancybox": {
      "version": "3.5.7",
      "resolved": "https://registry.npmjs.org/@fancyapps/fancybox/-/fancybox-3.5.7.tgz",
      "integrity": "sha512-rcEtu8t+WnmqIDV/Wfm1yvy/nDdwc7YV25j9HLxGC2/WOsUhk9rcWg2nB8g1BrjRt9zaoADdjHTU6ILYTJzBBg==",
      "peerDependencies": {
        "jquery": ">=1.9.0"
      }
    },
    "node_modules/bxslider": {
      "version": "4.2.14",
      "resolved": "https://registry.npmjs.org/bxslider/-/bxslider-4.2.14.tgz",
      "integrity": "sha512-7/OV7Jxe8yBS/7tOcxg2hYTPmACFMU1rRs3xqoljjFX/rSgMFVX0dzFqxZHWvUgl0+9TryNy5vhufB/499heFQ==",
      "engines": {
        "node": ">=0.10.28"
      }
    },
    "node_modules/fancybox": {
      "version": "3.0.1",
      "resolved": "https://registry.npmjs.org/fancybox/-/fancybox-3.0.1.tgz",
      "integrity": "sha512-HZ57O6j5Zk4Uvusd5pNUgWi7CCjKx+HFlCzjMPeRJ//0bQWUK+xVpkn3EzXWJate4ZSKNFP9kU2l49MP1g+oow=="
    },
    "node_modules/jquery": {
      "version": "3.6.1",
      "resolved": "https://registry.npmjs.org/jquery/-/jquery-3.6.1.tgz",
      "integrity": "sha512-opJeO4nCucVnsjiXOE+/PcCgYw9Gwpvs/a6B1LL/lQhwWwpbVEVYDZ1FokFr8PRc7ghYlrFPuyHuiiDNTQxmcw=="
    },
    "node_modules/normalize.css": {
      "version": "8.0.1",
      "resolved": "https://registry.npmjs.org/normalize.css/-/normalize.css-8.0.1.tgz",
      "integrity": "sha512-qizSNPO93t1YUuUhP22btGOo3chcvDFqFaj2TRybP0DMxkHOCTYwp3n34fel4a31ORXy4m1Xq0Gyqpb5m33qIg=="
    }
  },
  "dependencies": {
    "@fancyapps/fancybox": {
      "version": "3.5.7",
      "resolved": "https://registry.npmjs.org/@fancyapps/fancybox/-/fancybox-3.5.7.tgz",
      "integrity": "sha512-rcEtu8t+WnmqIDV/Wfm1yvy/nDdwc7YV25j9HLxGC2/WOsUhk9rcWg2nB8g1BrjRt9zaoADdjHTU6ILYTJzBBg==",
      "requires": {}
    },
    "bxslider": {
      "version": "4.2.14",
      "resolved": "https://registry.npmjs.org/bxslider/-/bxslider-4.2.14.tgz",
      "integrity": "sha512-7/OV7Jxe8yBS/7tOcxg2hYTPmACFMU1rRs3xqoljjFX/rSgMFVX0dzFqxZHWvUgl0+9TryNy5vhufB/499heFQ=="
    },
    "fancybox": {
      "version": "3.0.1",
      "resolved": "https://registry.npmjs.org/fancybox/-/fancybox-3.0.1.tgz",
      "integrity": "sha512-HZ57O6j5Zk4Uvusd5pNUgWi7CCjKx+HFlCzjMPeRJ//0bQWUK+xVpkn3EzXWJate4ZSKNFP9kU2l49MP1g+oow=="
    },
    "jquery": {
      "version": "3.6.1",
      "resolved": "https://registry.npmjs.org/jquery/-/jquery-3.6.1.tgz",
      "integrity": "sha512-opJeO4nCucVnsjiXOE+/PcCgYw9Gwpvs/a6B1LL/lQhwWwpbVEVYDZ1FokFr8PRc7ghYlrFPuyHuiiDNTQxmcw=="
    },
    "normalize.css": {
      "version": "8.0.1",
      "resolved": "https://registry.npmjs.org/normalize.css/-/normalize.css-8.0.1.tgz",
      "integrity": "sha512-qizSNPO93t1YUuUhP22btGOo3chcvDFqFaj2TRybP0DMxkHOCTYwp3n34fel4a31ORXy4m1Xq0Gyqpb5m33qIg=="
    }
  }
}
